PODS:
  - Nimble (7.0.1)
  - PromiseKit (4.4.0):
    - PromiseKit/Foundation (= 4.4.0)
    - PromiseKit/QuartzCore (= 4.4.0)
    - PromiseKit/UIKit (= 4.4.0)
  - PromiseKit/CorePromise (4.4.0)
  - PromiseKit/Foundation (4.4.0):
    - PromiseKit/CorePromise
  - PromiseKit/QuartzCore (4.4.0):
    - PromiseKit/CorePromise
  - PromiseKit/UIKit (4.4.0):
    - PromiseKit/CorePromise
  - Quick (1.1.0)

DEPENDENCIES:
  - Nimble
  - PromiseKit
  - Quick

SPEC CHECKSUMS:
  Nimble: 657d000e11df8aebe27cdaf9d244de7f30ed87f7
  PromiseKit: ecf5fe92275d57ee77c9ede858af47a162e9b97e
  Quick: dafc587e21eed9f4cab3249b9f9015b0b7a7f71d

PODFILE CHECKSUM: 587ecfdc817f0ea2c964f4dac9c7dc9edf16a21e

COCOAPODS: 1.3.1
